// !$*UTF8*$!
{
	archiveVersion = 1;
	classes = {
	};
	objectVersion = 56;
	objects = {

/* Begin PBXBuildFile section */
		9A1B15832B4FC6F500E89F7B /* AppDelegate.swift in Sources */ = {isa = PBXBuildFile; fileRef = 9A1B15822B4FC6F500E89F7B /* AppDelegate.swift */; };
		9A1B15852B4FC6F500E89F7B /* SceneDelegate.swift in Sources */ = {isa = PBXBuildFile; fileRef = 9A1B15842B4FC6F500E89F7B /* SceneDelegate.swift */; };
		9A1B15872B4FC6F500E89F7B /* ViewController.swift in Sources */ = {isa = PBXBuildFile; fileRef = 9A1B15862B4FC6F500E89F7B /* ViewController.swift */; };
		9A1B158A2B4FC6F500E89F7B /* Main.storyboard in Resources */ = {isa = PBXBuildFile; fileRef = 9A1B15882B4FC6F500E89F7B /* Main.storyboard */; };
		9A1B158C2B4FC6F600E89F7B /* Assets.xcassets in Resources */ = {isa = PBXBuildFile; fileRef = 9A1B158B2B4FC6F600E89F7B /* Assets.xcassets */; };
		9A1B158F2B4FC6F600E89F7B /* LaunchScreen.storyboard in Resources */ = {isa = PBXBuildFile; fileRef = 9A1B158D2B4FC6F600E89F7B /* LaunchScreen.storyboard */; };
		9A1B159A2B4FC6F600E89F7B /* JokeGeneratorTests.swift in Sources */ = {isa = PBXBuildFile; fileRef = 9A1B15992B4FC6F600E89F7B /* JokeGeneratorTests.swift */; };
		9A1B15A42B4FC6F600E89F7B /* JokeGeneratorUITests.swift in Sources */ = {isa = PBXBuildFile; fileRef = 9A1B15A32B4FC6F600E89F7B /* JokeGeneratorUITests.swift */; };
		9A1B15A62B4FC6F600E89F7B /* JokeGeneratorUITestsLaunchTests.swift in Sources */ = {isa = PBXBuildFile; fileRef = 9A1B15A52B4FC6F600E89F7B /* JokeGeneratorUITestsLaunchTests.swift */; };
		9A1B15C22B4FD9F900E89F7B /* Roboto-Medium.ttf in Resources */ = {isa = PBXBuildFile; fileRef = 9A1B15B52B4FD9F900E89F7B /* Roboto-Medium.ttf */; };
		9A1B15C32B4FD9F900E89F7B /* Roboto-Light.ttf in Resources */ = {isa = PBXBuildFile; fileRef = 9A1B15B62B4FD9F900E89F7B /* Roboto-Light.ttf */; };
		9A1B15C42B4FD9F900E89F7B /* Roboto-Regular.ttf in Resources */ = {isa = PBXBuildFile; fileRef = 9A1B15B72B4FD9F900E89F7B /* Roboto-Regular.ttf */; };
		9A1B15C52B4FD9F900E89F7B /* Roboto-MediumItalic.ttf in Resources */ = {isa = PBXBuildFile; fileRef = 9A1B15B82B4FD9F900E89F7B /* Roboto-MediumItalic.ttf */; };
		9A1B15C62B4FD9F900E89F7B /* Roboto-ThinItalic.ttf in Resources */ = {isa = PBXBuildFile; fileRef = 9A1B15B92B4FD9F900E89F7B /* Roboto-ThinItalic.ttf */; };
		9A1B15C72B4FD9F900E89F7B /* Roboto-BoldItalic.ttf in Resources */ = {isa = PBXBuildFile; fileRef = 9A1B15BA2B4FD9F900E89F7B /* Roboto-BoldItalic.ttf */; };
		9A1B15C82B4FD9F900E89F7B /* Roboto-LightItalic.ttf in Resources */ = {isa = PBXBuildFile; fileRef = 9A1B15BB2B4FD9F900E89F7B /* Roboto-LightItalic.ttf */; };
		9A1B15C92B4FD9F900E89F7B /* Roboto-Italic.ttf in Resources */ = {isa = PBXBuildFile; fileRef = 9A1B15BC2B4FD9F900E89F7B /* Roboto-Italic.ttf */; };
		9A1B15CA2B4FD9F900E89F7B /* LICENSE.txt in Resources */ = {isa = PBXBuildFile; fileRef = 9A1B15BD2B4FD9F900E89F7B /* LICENSE.txt */; };
		9A1B15CB2B4FD9F900E89F7B /* Roboto-BlackItalic.ttf in Resources */ = {isa = PBXBuildFile; fileRef = 9A1B15BE2B4FD9F900E89F7B /* Roboto-BlackItalic.ttf */; };
		9A1B15CC2B4FD9F900E89F7B /* Roboto-Bold.ttf in Resources */ = {isa = PBXBuildFile; fileRef = 9A1B15BF2B4FD9F900E89F7B /* Roboto-Bold.ttf */; };
		9A1B15CD2B4FD9F900E89F7B /* Roboto-Thin.ttf in Resources */ = {isa = PBXBuildFile; fileRef = 9A1B15C02B4FD9F900E89F7B /* Roboto-Thin.ttf */; };
		9A1B15CE2B4FD9F900E89F7B /* Roboto-Black.ttf in Resources */ = {isa = PBXBuildFile; fileRef = 9A1B15C12B4FD9F900E89F7B /* Roboto-Black.ttf */; };
/* End PBXBuildFile section */

/* Begin PBXContainerItemProxy section */
		9A1B15962B4FC6F600E89F7B /* PBXContainerItemProxy */ = {
			isa = PBXContainerItemProxy;
			containerPortal = 9A1B15772B4FC6F500E89F7B /* Project object */;
			proxyType = 1;
			remoteGlobalIDString = 9A1B157E2B4FC6F500E89F7B;
			remoteInfo = JokeGenerator;
		};
		9A1B15A02B4FC6F600E89F7B /* PBXContainerItemProxy */ = {
			isa = PBXContainerItemProxy;
			containerPortal = 9A1B15772B4FC6F500E89F7B /* Project object */;
			proxyType = 1;
			remoteGlobalIDString = 9A1B157E2B4FC6F500E89F7B;
			remoteInfo = JokeGenerator;
		};
/* End PBXContainerItemProxy section */

/* Begin PBXFileReference section */
		9A1B157F2B4FC6F500E89F7B /* JokeGenerator.app */ = {isa = PBXFileReference; explicitFileType = wrapper.application; includeInIndex = 0; path = JokeGenerator.app; sourceTree = BUILT_PRODUCTS_DIR; };
		9A1B15822B4FC6F500E89F7B /* AppDelegate.swift */ = {isa = PBXFileReference; lastKnownFileType = sourcecode.swift; path = AppDelegate.swift; sourceTree = "<group>"; };
		9A1B15842B4FC6F500E89F7B /* SceneDelegate.swift */ = {isa = PBXFileReference; lastKnownFileType = sourcecode.swift; path = SceneDelegate.swift; sourceTree = "<group>"; };
		9A1B15862B4FC6F500E89F7B /* ViewController.swift */ = {isa = PBXFileReference; lastKnownFileType = sourcecode.swift; path = ViewController.swift; sourceTree = "<group>"; };
		9A1B15892B4FC6F500E89F7B /* Base */ = {isa = PBXFileReference; lastKnownFileType = file.storyboard; name = Base; path = Base.lproj/Main.storyboard; sourceTree = "<group>"; };
		9A1B158B2B4FC6F600E89F7B /* Assets.xcassets */ = {isa = PBXFileReference; lastKnownFileType = folder.assetcatalog; path = Assets.xcassets; sourceTree = "<group>"; };
		9A1B158E2B4FC6F600E89F7B /* Base */ = {isa = PBXFileReference; lastKnownFileType = file.storyboard; name = Base; path = Base.lproj/LaunchScreen.storyboard; sourceTree = "<group>"; };
		9A1B15902B4FC6F600E89F7B /* Info.plist */ = {isa = PBXFileReference; lastKnownFileType = text.plist.xml; path = Info.plist; sourceTree = "<group>"; };
		9A1B15952B4FC6F600E89F7B /* JokeGeneratorTests.xctest */ = {isa = PBXFileReference; explicitFileType = wrapper.cfbundle; includeInIndex = 0; path = JokeGeneratorTests.xctest; sourceTree = BUILT_PRODUCTS_DIR; };
		9A1B15992B4FC6F600E89F7B /* JokeGeneratorTests.swift */ = {isa = PBXFileReference; lastKnownFileType = sourcecode.swift; path = JokeGeneratorTests.swift; sourceTree = "<group>"; };
		9A1B159F2B4FC6F600E89F7B /* JokeGeneratorUITests.xctest */ = {isa = PBXFileReference; explicitFileType = wrapper.cfbundle; includeInIndex = 0; path = JokeGeneratorUITests.xctest; sourceTree = BUILT_PRODUCTS_DIR; };
		9A1B15A32B4FC6F600E89F7B /* JokeGeneratorUITests.swift */ = {isa = PBXFileReference; lastKnownFileType = sourcecode.swift; path = JokeGeneratorUITests.swift; sourceTree = "<group>"; };
		9A1B15A52B4FC6F600E89F7B /* JokeGeneratorUITestsLaunchTests.swift */ = {isa = PBXFileReference; lastKnownFileType = sourcecode.swift; path = JokeGeneratorUITestsLaunchTests.swift; sourceTree = "<group>"; };
		9A1B15B52B4FD9F900E89F7B /* Roboto-Medium.ttf */ = {isa = PBXFileReference; lastKnownFileType = file; path = "Roboto-Medium.ttf"; sourceTree = "<group>"; };
		9A1B15B62B4FD9F900E89F7B /* Roboto-Light.ttf */ = {isa = PBXFileReference; lastKnownFileType = file; path = "Roboto-Light.ttf"; sourceTree = "<group>"; };
		9A1B15B72B4FD9F900E89F7B /* Roboto-Regular.ttf */ = {isa = PBXFileReference; lastKnownFileType = file; path = "Roboto-Regular.ttf"; sourceTree = "<group>"; };
		9A1B15B82B4FD9F900E89F7B /* Roboto-MediumItalic.ttf */ = {isa = PBXFileReference; lastKnownFileType = file; path = "Roboto-MediumItalic.ttf"; sourceTree = "<group>"; };
		9A1B15B92B4FD9F900E89F7B /* Roboto-ThinItalic.ttf */ = {isa = PBXFileReference; lastKnownFileType = file; path = "Roboto-ThinItalic.ttf"; sourceTree = "<group>"; };
		9A1B15BA2B4FD9F900E89F7B /* Roboto-BoldItalic.ttf */ = {isa = PBXFileReference; lastKnownFileType = file; path = "Roboto-BoldItalic.ttf"; sourceTree = "<group>"; };
		9A1B15BB2B4FD9F900E89F7B /* Roboto-LightItalic.ttf */ = {isa = PBXFileReference; lastKnownFileType = file; path = "Roboto-LightItalic.ttf"; sourceTree = "<group>"; };
		9A1B15BC2B4FD9F900E89F7B /* Roboto-Italic.ttf */ = {isa = PBXFileReference; lastKnownFileType = file; path = "Roboto-Italic.ttf"; sourceTree = "<group>"; };
		9A1B15BD2B4FD9F900E89F7B /* LICENSE.txt */ = {isa = PBXFileReference; fileEncoding = 4; lastKnownFileType = text; path = LICENSE.txt; sourceTree = "<group>"; };
		9A1B15BE2B4FD9F900E89F7B /* Roboto-BlackItalic.ttf */ = {isa = PBXFileReference; lastKnownFileType = file; path = "Roboto-BlackItalic.ttf"; sourceTree = "<group>"; };
		9A1B15BF2B4FD9F900E89F7B /* Roboto-Bold.ttf */ = {isa = PBXFileReference; lastKnownFileType = file; path = "Roboto-Bold.ttf"; sourceTree = "<group>"; };
		9A1B15C02B4FD9F900E89F7B /* Roboto-Thin.ttf */ = {isa = PBXFileReference; lastKnownFileType = file; path = "Roboto-Thin.ttf"; sourceTree = "<group>"; };
		9A1B15C12B4FD9F900E89F7B /* Roboto-Black.ttf */ = {isa = PBXFileReference; lastKnownFileType = file; path = "Roboto-Black.ttf"; sourceTree = "<group>"; };
/* End PBXFileReference section */

/* Begin PBXFrameworksBuildPhase section */
		9A1B157C2B4FC6F500E89F7B /* Frameworks */ = {
			isa = PBXFrameworksBuildPhase;
			buildActionMask = 2147483647;
			files = (
			);
			runOnlyForDeploymentPostprocessing = 0;
		};
		9A1B15922B4FC6F600E89F7B /* Frameworks */ = {
			isa = PBXFrameworksBuildPhase;
			buildActionMask = 2147483647;
			files = (
			);
			runOnlyForDeploymentPostprocessing = 0;
		};
		9A1B159C2B4FC6F600E89F7B /* Frameworks */ = {
			isa = PBXFrameworksBuildPhase;
			buildActionMask = 2147483647;
			files = (
			);
			runOnlyForDeploymentPostprocessing = 0;
		};
/* End PBXFrameworksBuildPhase section */

/* Begin PBXGroup section */
		9A1B15762B4FC6F500E89F7B = {
			isa = PBXGroup;
			children = (
				9A1B15812B4FC6F500E89F7B /* JokeGenerator */,
				9A1B15982B4FC6F600E89F7B /* JokeGeneratorTests */,
				9A1B15A22B4FC6F600E89F7B /* JokeGeneratorUITests */,
				9A1B15802B4FC6F500E89F7B /* Products */,
			);
			sourceTree = "<group>";
		};
		9A1B15802B4FC6F500E89F7B /* Products */ = {
			isa = PBXGroup;
			children = (
				9A1B157F2B4FC6F500E89F7B /* JokeGenerator.app */,
				9A1B15952B4FC6F600E89F7B /* JokeGeneratorTests.xctest */,
				9A1B159F2B4FC6F600E89F7B /* JokeGeneratorUITests.xctest */,
			);
			name = Products;
			sourceTree = "<group>";
		};
		9A1B15812B4FC6F500E89F7B /* JokeGenerator */ = {
			isa = PBXGroup;
			children = (
				9A1B15B22B4FD9B500E89F7B /* Resources */,
				9A1B15822B4FC6F500E89F7B /* AppDelegate.swift */,
				9A1B15842B4FC6F500E89F7B /* SceneDelegate.swift */,
				9A1B15862B4FC6F500E89F7B /* ViewController.swift */,
				9A1B15882B4FC6F500E89F7B /* Main.storyboard */,
				9A1B158B2B4FC6F600E89F7B /* Assets.xcassets */,
				9A1B158D2B4FC6F600E89F7B /* LaunchScreen.storyboard */,
				9A1B15902B4FC6F600E89F7B /* Info.plist */,
			);
			path = JokeGenerator;
			sourceTree = "<group>";
		};
		9A1B15982B4FC6F600E89F7B /* JokeGeneratorTests */ = {
			isa = PBXGroup;
			children = (
				9A1B15992B4FC6F600E89F7B /* JokeGeneratorTests.swift */,
			);
			path = JokeGeneratorTests;
			sourceTree = "<group>";
		};
		9A1B15A22B4FC6F600E89F7B /* JokeGeneratorUITests */ = {
			isa = PBXGroup;
			children = (
				9A1B15A32B4FC6F600E89F7B /* JokeGeneratorUITests.swift */,
				9A1B15A52B4FC6F600E89F7B /* JokeGeneratorUITestsLaunchTests.swift */,
			);
			path = JokeGeneratorUITests;
			sourceTree = "<group>";
		};
		9A1B15B22B4FD9B500E89F7B /* Resources */ = {
			isa = PBXGroup;
			children = (
				9A1B15B32B4FD9CF00E89F7B /* Fonts */,
			);
			path = Resources;
			sourceTree = "<group>";
		};
		9A1B15B32B4FD9CF00E89F7B /* Fonts */ = {
			isa = PBXGroup;
			children = (
				9A1B15B42B4FD9F900E89F7B /* Roboto */,
			);
			path = Fonts;
			sourceTree = "<group>";
		};
		9A1B15B42B4FD9F900E89F7B /* Roboto */ = {
			isa = PBXGroup;
			children = (
				9A1B15B52B4FD9F900E89F7B /* Roboto-Medium.ttf */,
				9A1B15B62B4FD9F900E89F7B /* Roboto-Light.ttf */,
				9A1B15B72B4FD9F900E89F7B /* Roboto-Regular.ttf */,
				9A1B15B82B4FD9F900E89F7B /* Roboto-MediumItalic.ttf */,
				9A1B15B92B4FD9F900E89F7B /* Roboto-ThinItalic.ttf */,
				9A1B15BA2B4FD9F900E89F7B /* Roboto-BoldItalic.ttf */,
				9A1B15BB2B4FD9F900E89F7B /* Roboto-LightItalic.ttf */,
				9A1B15BC2B4FD9F900E89F7B /* Roboto-Italic.ttf */,
				9A1B15BD2B4FD9F900E89F7B /* LICENSE.txt */,
				9A1B15BE2B4FD9F900E89F7B /* Roboto-BlackItalic.ttf */,
				9A1B15BF2B4FD9F900E89F7B /* Roboto-Bold.ttf */,
				9A1B15C02B4FD9F900E89F7B /* Roboto-Thin.ttf */,
				9A1B15C12B4FD9F900E89F7B /* Roboto-Black.ttf */,
			);
			path = Roboto;
			sourceTree = "<group>";
		};
/* End PBXGroup section */

/* Begin PBXNativeTarget section */
		9A1B157E2B4FC6F500E89F7B /* JokeGenerator */ = {
			isa = PBXNativeTarget;
			buildConfigurationList = 9A1B15A92B4FC6F600E89F7B /* Build configuration list for PBXNativeTarget "JokeGenerator" */;
			buildPhases = (
				9A1B157B2B4FC6F500E89F7B /* Sources */,
				9A1B157C2B4FC6F500E89F7B /* Frameworks */,
				9A1B157D2B4FC6F500E89F7B /* Resources */,
			);
			buildRules = (
			);
			dependencies = (
			);
			name = JokeGenerator;
			productName = JokeGenerator;
			productReference = 9A1B157F2B4FC6F500E89F7B /* JokeGenerator.app */;
			productType = "com.apple.product-type.application";
		};
		9A1B15942B4FC6F600E89F7B /* JokeGeneratorTests */ = {
			isa = PBXNativeTarget;
			buildConfigurationList = 9A1B15AC2B4FC6F600E89F7B /* Build configuration list for PBXNativeTarget "JokeGeneratorTests" */;
			buildPhases = (
				9A1B15912B4FC6F600E89F7B /* Sources */,
				9A1B15922B4FC6F600E89F7B /* Frameworks */,
				9A1B15932B4FC6F600E89F7B /* Resources */,
			);
			buildRules = (
			);
			dependencies = (
				9A1B15972B4FC6F600E89F7B /* PBXTargetDependency */,
			);
			name = JokeGeneratorTests;
			productName = JokeGeneratorTests;
			productReference = 9A1B15952B4FC6F600E89F7B /* JokeGeneratorTests.xctest */;
			productType = "com.apple.product-type.bundle.unit-test";
		};
		9A1B159E2B4FC6F600E89F7B /* JokeGeneratorUITests */ = {
			isa = PBXNativeTarget;
			buildConfigurationList = 9A1B15AF2B4FC6F600E89F7B /* Build configuration list for PBXNativeTarget "JokeGeneratorUITests" */;
			buildPhases = (
				9A1B159B2B4FC6F600E89F7B /* Sources */,
				9A1B159C2B4FC6F600E89F7B /* Frameworks */,
				9A1B159D2B4FC6F600E89F7B /* Resources */,
			);
			buildRules = (
			);
			dependencies = (
				9A1B15A12B4FC6F600E89F7B /* PBXTargetDependency */,
			);
			name = JokeGeneratorUITests;
			productName = JokeGeneratorUITests;
			productReference = 9A1B159F2B4FC6F600E89F7B /* JokeGeneratorUITests.xctest */;
			productType = "com.apple.product-type.bundle.ui-testing";
		};
/* End PBXNativeTarget section */

/* Begin PBXProject section */
		9A1B15772B4FC6F500E89F7B /* Project object */ = {
			isa = PBXProject;
			attributes = {
				BuildIndependentTargetsInParallel = 1;
				LastSwiftUpdateCheck = 1500;
				LastUpgradeCheck = 1500;
				TargetAttributes = {
					9A1B157E2B4FC6F500E89F7B = {
						CreatedOnToolsVersion = 15.0.1;
					};
					9A1B15942B4FC6F600E89F7B = {
						CreatedOnToolsVersion = 15.0.1;
						TestTargetID = 9A1B157E2B4FC6F500E89F7B;
					};
					9A1B159E2B4FC6F600E89F7B = {
						CreatedOnToolsVersion = 15.0.1;
						TestTargetID = 9A1B157E2B4FC6F500E89F7B;
					};
				};
			};
			buildConfigurationList = 9A1B157A2B4FC6F500E89F7B /* Build configuration list for PBXProject "JokeGenerator" */;
			compatibilityVersion = "Xcode 14.0";
			developmentRegion = en;
			hasScannedForEncodings = 0;
			knownRegions = (
				en,
				Base,
			);
			mainGroup = 9A1B15762B4FC6F500E89F7B;
			productRefGroup = 9A1B15802B4FC6F500E89F7B /* Products */;
			projectDirPath = "";
			projectRoot = "";
			targets = (
				9A1B157E2B4FC6F500E89F7B /* JokeGenerator */,
				9A1B15942B4FC6F600E89F7B /* JokeGeneratorTests */,
				9A1B159E2B4FC6F600E89F7B /* JokeGeneratorUITests */,
			);
		};
/* End PBXProject section */

/* Begin PBXResourcesBuildPhase section */
		9A1B157D2B4FC6F500E89F7B /* Resources */ = {
			isa = PBXResourcesBuildPhase;
			buildActionMask = 2147483647;
			files = (
				9A1B15CC2B4FD9F900E89F7B /* Roboto-Bold.ttf in Resources */,
				9A1B15CA2B4FD9F900E89F7B /* LICENSE.txt in Resources */,
				9A1B15C72B4FD9F900E89F7B /* Roboto-BoldItalic.ttf in Resources */,
				9A1B15C42B4FD9F900E89F7B /* Roboto-Regular.ttf in Resources */,
				9A1B15C82B4FD9F900E89F7B /* Roboto-LightItalic.ttf in Resources */,
				9A1B15C22B4FD9F900E89F7B /* Roboto-Medium.ttf in Resources */,
				9A1B158F2B4FC6F600E89F7B /* LaunchScreen.storyboard in Resources */,
				9A1B15CB2B4FD9F900E89F7B /* Roboto-BlackItalic.ttf in Resources */,
				9A1B15CD2B4FD9F900E89F7B /* Roboto-Thin.ttf in Resources */,
				9A1B15C32B4FD9F900E89F7B /* Roboto-Light.ttf in Resources */,
				9A1B15C62B4FD9F900E89F7B /* Roboto-ThinItalic.ttf in Resources */,
				9A1B15CE2B4FD9F900E89F7B /* Roboto-Black.ttf in Resources */,
				9A1B15C52B4FD9F900E89F7B /* Roboto-MediumItalic.ttf in Resources */,
				9A1B158C2B4FC6F600E89F7B /* Assets.xcassets in Resources */,
				9A1B15C92B4FD9F900E89F7B /* Roboto-Italic.ttf in Resources */,
				9A1B158A2B4FC6F500E89F7B /* Main.storyboard in Resources */,
			);
			runOnlyForDeploymentPostprocessing = 0;
		};
		9A1B15932B4FC6F600E89F7B /* Resources */ = {
			isa = PBXResourcesBuildPhase;
			buildActionMask = 2147483647;
			files = (
			);
			runOnlyForDeploymentPostprocessing = 0;
		};
		9A1B159D2B4FC6F600E89F7B /* Resources */ = {
			isa = PBXResourcesBuildPhase;
			buildActionMask = 2147483647;
			files = (
			);
			runOnlyForDeploymentPostprocessing = 0;
		};
/* End PBXResourcesBuildPhase section */

/* Begin PBXSourcesBuildPhase section */
		9A1B157B2B4FC6F500E89F7B /* Sources */ = {
			isa = PBXSourcesBuildPhase;
			buildActionMask = 2147483647;
			files = (
				9A1B15872B4FC6F500E89F7B /* ViewController.swift in Sources */,
				9A1B15832B4FC6F500E89F7B /* AppDelegate.swift in Sources */,
				9A1B15852B4FC6F500E89F7B /* SceneDelegate.swift in Sources */,
			);
			runOnlyForDeploymentPostprocessing = 0;
		};
		9A1B15912B4FC6F600E89F7B /* Sources */ = {
			isa = PBXSourcesBuildPhase;
			buildActionMask = 2147483647;
			files = (
				9A1B159A2B4FC6F600E89F7B /* JokeGeneratorTests.swift in Sources */,
			);
			runOnlyForDeploymentPostprocessing = 0;
		};
		9A1B159B2B4FC6F600E89F7B /* Sources */ = {
			isa = PBXSourcesBuildPhase;
			buildActionMask = 2147483647;
			files = (
				9A1B15A42B4FC6F600E89F7B /* JokeGeneratorUITests.swift in Sources */,
				9A1B15A62B4FC6F600E89F7B /* JokeGeneratorUITestsLaunchTests.swift in Sources */,
			);
			runOnlyForDeploymentPostprocessing = 0;
		};
/* End PBXSourcesBuildPhase section */

/* Begin PBXTargetDependency section */
		9A1B15972B4FC6F600E89F7B /* PBXTargetDependency */ = {
			isa = PBXTargetDependency;
			target = 9A1B157E2B4FC6F500E89F7B /* JokeGenerator */;
			targetProxy = 9A1B15962B4FC6F600E89F7B /* PBXContainerItemProxy */;
		};
		9A1B15A12B4FC6F600E89F7B /* PBXTargetDependency */ = {
			isa = PBXTargetDependency;
			target = 9A1B157E2B4FC6F500E89F7B /* JokeGenerator */;
			targetProxy = 9A1B15A02B4FC6F600E89F7B /* PBXContainerItemProxy */;
		};
/* End PBXTargetDependency section */

/* Begin PBXVariantGroup section */
		9A1B15882B4FC6F500E89F7B /* Main.storyboard */ = {
			isa = PBXVariantGroup;
			children = (
				9A1B15892B4FC6F500E89F7B /* Base */,
			);
			name = Main.storyboard;
			sourceTree = "<group>";
		};
		9A1B158D2B4FC6F600E89F7B /* LaunchScreen.storyboard */ = {
			isa = PBXVariantGroup;
			children = (
				9A1B158E2B4FC6F600E89F7B /* Base */,
			);
			name = LaunchScreen.storyboard;
			sourceTree = "<group>";
		};
/* End PBXVariantGroup section */

/* Begin XCBuildConfiguration section */
		9A1B15A72B4FC6F600E89F7B /* Debug */ = {
			isa = XCBuildConfiguration;
			buildSettings = {
				ALWAYS_SEARCH_USER_PATHS = NO;
				ASSETCATALOG_COMPILER_GENERATE_SWIFT_ASSET_SYMBOL_EXTENSIONS = YES;
				CLANG_ANALYZER_NONNULL = YES;
				CLANG_ANALYZER_NUMBER_OBJECT_CONVERSION = YES_AGGRESSIVE;
				CLANG_CXX_LANGUAGE_STANDARD = "gnu++20";
				CLANG_ENABLE_MODULES = YES;
				CLANG_ENABLE_OBJC_ARC = YES;
				CLANG_ENABLE_OBJC_WEAK = YES;
				CLANG_WARN_BLOCK_CAPTURE_AUTORELEASING = YES;
				CLANG_WARN_BOOL_CONVERSION = YES;
				CLANG_WARN_COMMA = YES;
				CLANG_WARN_CONSTANT_CONVERSION = YES;
				CLANG_WARN_DEPRECATED_OBJC_IMPLEMENTATIONS = YES;
				CLANG_WARN_DIRECT_OBJC_ISA_USAGE = YES_ERROR;
				CLANG_WARN_DOCUMENTATION_COMMENTS = YES;
				CLANG_WARN_EMPTY_BODY = YES;
				CLANG_WARN_ENUM_CONVERSION = YES;
				CLANG_WARN_INFINITE_RECURSION = YES;
				CLANG_WARN_INT_CONVERSION = YES;
				CLANG_WARN_NON_LITERAL_NULL_CONVERSION = YES;
				CLANG_WARN_OBJC_IMPLICIT_RETAIN_SELF = YES;
				CLANG_WARN_OBJC_LITERAL_CONVERSION = YES;
				CLANG_WARN_OBJC_ROOT_CLASS = YES_ERROR;
				CLANG_WARN_QUOTED_INCLUDE_IN_FRAMEWORK_HEADER = YES;
				CLANG_WARN_RANGE_LOOP_ANALYSIS = YES;
				CLANG_WARN_STRICT_PROTOTYPES = YES;
				CLANG_WARN_SUSPICIOUS_MOVE = YES;
				CLANG_WARN_UNGUARDED_AVAILABILITY = YES_AGGRESSIVE;
				CLANG_WARN_UNREACHABLE_CODE = YES;
				CLANG_WARN__DUPLICATE_METHOD_MATCH = YES;
				COPY_PHASE_STRIP = NO;
				DEBUG_INFORMATION_FORMAT = dwarf;
				ENABLE_STRICT_OBJC_MSGSEND = YES;
				ENABLE_TESTABILITY = YES;
				ENABLE_USER_SCRIPT_SANDBOXING = YES;
				GCC_C_LANGUAGE_STANDARD = gnu17;
				GCC_DYNAMIC_NO_PIC = NO;
				GCC_NO_COMMON_BLOCKS = YES;
				GCC_OPTIMIZATION_LEVEL = 0;
				GCC_PREPROCESSOR_DEFINITIONS = (
					"DEBUG=1",
					"$(inherited)",
				);
				GCC_WARN_64_TO_32_BIT_CONVERSION = YES;
				GCC_WARN_ABOUT_RETURN_TYPE = YES_ERROR;
				GCC_WARN_UNDECLARED_SELECTOR = YES;
				GCC_WARN_UNINITIALIZED_AUTOS = YES_AGGRESSIVE;
				GCC_WARN_UNUSED_FUNCTION = YES;
				GCC_WARN_UNUSED_VARIABLE = YES;
				IPHONEOS_DEPLOYMENT_TARGET = 17.0;
				LOCALIZATION_PREFERS_STRING_CATALOGS = YES;
				MTL_ENABLE_DEBUG_INFO = INCLUDE_SOURCE;
				MTL_FAST_MATH = YES;
				ONLY_ACTIVE_ARCH = YES;
				SDKROOT = iphoneos;
				SWIFT_ACTIVE_COMPILATION_CONDITIONS = "DEBUG $(inherited)";
				SWIFT_OPTIMIZATION_LEVEL = "-Onone";
			};
			name = Debug;
		};
		9A1B15A82B4FC6F600E89F7B /* Release */ = {
			isa = XCBuildConfiguration;
			buildSettings = {
				ALWAYS_SEARCH_USER_PATHS = NO;
				ASSETCATALOG_COMPILER_GENERATE_SWIFT_ASSET_SYMBOL_EXTENSIONS = YES;
				CLANG_ANALYZER_NONNULL = YES;
				CLANG_ANALYZER_NUMBER_OBJECT_CONVERSION = YES_AGGRESSIVE;
				CLANG_CXX_LANGUAGE_STANDARD = "gnu++20";
				CLANG_ENABLE_MODULES = YES;
				CLANG_ENABLE_OBJC_ARC = YES;
				CLANG_ENABLE_OBJC_WEAK = YES;
				CLANG_WARN_BLOCK_CAPTURE_AUTORELEASING = YES;
				CLANG_WARN_BOOL_CONVERSION = YES;
				CLANG_WARN_COMMA = YES;
				CLANG_WARN_CONSTANT_CONVERSION = YES;
				CLANG_WARN_DEPRECATED_OBJC_IMPLEMENTATIONS = YES;
				CLANG_WARN_DIRECT_OBJC_ISA_USAGE = YES_ERROR;
				CLANG_WARN_DOCUMENTATION_COMMENTS = YES;
				CLANG_WARN_EMPTY_BODY = YES;
				CLANG_WARN_ENUM_CONVERSION = YES;
				CLANG_WARN_INFINITE_RECURSION = YES;
				CLANG_WARN_INT_CONVERSION = YES;
				CLANG_WARN_NON_LITERAL_NULL_CONVERSION = YES;
				CLANG_WARN_OBJC_IMPLICIT_RETAIN_SELF = YES;
				CLANG_WARN_OBJC_LITERAL_CONVERSION = YES;
				CLANG_WARN_OBJC_ROOT_CLASS = YES_ERROR;
				CLANG_WARN_QUOTED_INCLUDE_IN_FRAMEWORK_HEADER = YES;
				CLANG_WARN_RANGE_LOOP_ANALYSIS = YES;
				CLANG_WARN_STRICT_PROTOTYPES = YES;
				CLANG_WARN_SUSPICIOUS_MOVE = YES;
				CLANG_WARN_UNGUARDED_AVAILABILITY = YES_AGGRESSIVE;
				CLANG_WARN_UNREACHABLE_CODE = YES;
				CLANG_WARN__DUPLICATE_METHOD_MATCH = YES;
				COPY_PHASE_STRIP = NO;
				DEBUG_INFORMATION_FORMAT = "dwarf-with-dsym";
				ENABLE_NS_ASSERTIONS = NO;
				ENABLE_STRICT_OBJC_MSGSEND = YES;
				ENABLE_USER_SCRIPT_SANDBOXING = YES;
				GCC_C_LANGUAGE_STANDARD = gnu17;
				GCC_NO_COMMON_BLOCKS = YES;
				GCC_WARN_64_TO_32_BIT_CONVERSION = YES;
				GCC_WARN_ABOUT_RETURN_TYPE = YES_ERROR;
				GCC_WARN_UNDECLARED_SELECTOR = YES;
				GCC_WARN_UNINITIALIZED_AUTOS = YES_AGGRESSIVE;
				GCC_WARN_UNUSED_FUNCTION = YES;
				GCC_WARN_UNUSED_VARIABLE = YES;
				IPHONEOS_DEPLOYMENT_TARGET = 17.0;
				LOCALIZATION_PREFERS_STRING_CATALOGS = YES;
				MTL_ENABLE_DEBUG_INFO = NO;
				MTL_FAST_MATH = YES;
				SDKROOT = iphoneos;
				SWIFT_COMPILATION_MODE = wholemodule;
				VALIDATE_PRODUCT = YES;
			};
			name = Release;
		};
		9A1B15AA2B4FC6F600E89F7B /* Debug */ = {
			isa = XCBuildConfiguration;
			buildSettings = {
				ASSETCATALOG_COMPILER_APPICON_NAME = AppIcon;
				ASSETCATALOG_COMPILER_GLOBAL_ACCENT_COLOR_NAME = AccentColor;
				CODE_SIGN_STYLE = Automatic;
				CURRENT_PROJECT_VERSION = 1;
				DEVELOPMENT_TEAM = 6F23NVP2MQ;
				GENERATE_INFOPLIST_FILE = YES;
				INFOPLIST_FILE = JokeGenerator/Info.plist;
				INFOPLIST_KEY_UIApplicationSupportsIndirectInputEvents = YES;
				INFOPLIST_KEY_UILaunchStoryboardName = LaunchScreen;
				INFOPLIST_KEY_UIMainStoryboardFile = Main;
				INFOPLIST_KEY_UISupportedInterfaceOrientations_iPad = "UIInterfaceOrientationPortrait UIInterfaceOrientationPortraitUpsideDown UIInterfaceOrientationLandscapeLeft UIInterfaceOrientationLandscapeRight";
				INFOPLIST_KEY_UISupportedInterfaceOrientations_iPhone = "UIInterfaceOrientationPortrait UIInterfaceOrientationLandscapeLeft UIInterfaceOrientationLandscapeRight";
				LD_RUNPATH_SEARCH_PATHS = (
					"$(inherited)",
					"@executable_path/Frameworks",
				);
				MARKETING_VERSION = 1.0;
				PRODUCT_BUNDLE_IDENTIFIER = barahaeva.JokeGenerator;
				PRODUCT_NAME = "$(TARGET_NAME)";
				SWIFT_EMIT_LOC_STRINGS = YES;
				SWIFT_VERSION = 5.0;
				TARGETED_DEVICE_FAMILY = "1,2";
			};
			name = Debug;
		};
		9A1B15AB2B4FC6F600E89F7B /* Release */ = {
			isa = XCBuildConfiguration;
			buildSettings = {
				ASSETCATALOG_COMPILER_APPICON_NAME = AppIcon;
				ASSETCATALOG_COMPILER_GLOBAL_ACCENT_COLOR_NAME = AccentColor;
				CODE_SIGN_STYLE = Automatic;
				CURRENT_PROJECT_VERSION = 1;
				DEVELOPMENT_TEAM = 6F23NVP2MQ;
				GENERATE_INFOPLIST_FILE = YES;
				INFOPLIST_FILE = JokeGenerator/Info.plist;
				INFOPLIST_KEY_UIApplicationSupportsIndirectInputEvents = YES;
				INFOPLIST_KEY_UILaunchStoryboardName = LaunchScreen;
				INFOPLIST_KEY_UIMainStoryboardFile = Main;
				INFOPLIST_KEY_UISupportedInterfaceOrientations_iPad = "UIInterfaceOrientationPortrait UIInterfaceOrientationPortraitUpsideDown UIInterfaceOrientationLandscapeLeft UIInterfaceOrientationLandscapeRight";
				INFOPLIST_KEY_UISupportedInterfaceOrientations_iPhone = "UIInterfaceOrientationPortrait UIInterfaceOrientationLandscapeLeft UIInterfaceOrientationLandscapeRight";
				LD_RUNPATH_SEARCH_PATHS = (
					"$(inherited)",
					"@executable_path/Frameworks",
				);
				MARKETING_VERSION = 1.0;
				PRODUCT_BUNDLE_IDENTIFIER = barahaeva.JokeGenerator;
				PRODUCT_NAME = "$(TARGET_NAME)";
				SWIFT_EMIT_LOC_STRINGS = YES;
				SWIFT_VERSION = 5.0;
				TARGETED_DEVICE_FAMILY = "1,2";
			};
			name = Release;
		};
		9A1B15AD2B4FC6F600E89F7B /* Debug */ = {
			isa = XCBuildConfiguration;
			buildSettings = {
				ALWAYS_EMBED_SWIFT_STANDARD_LIBRARIES = YES;
				BUNDLE_LOADER = "$(TEST_HOST)";
				CODE_SIGN_STYLE = Automatic;
				CURRENT_PROJECT_VERSION = 1;
				DEVELOPMENT_TEAM = 6F23NVP2MQ;
				GENERATE_INFOPLIST_FILE = YES;
				IPHONEOS_DEPLOYMENT_TARGET = 17.0;
				MARKETING_VERSION = 1.0;
				PRODUCT_BUNDLE_IDENTIFIER = barahaeva.JokeGeneratorTests;
				PRODUCT_NAME = "$(TARGET_NAME)";
				SWIFT_EMIT_LOC_STRINGS = NO;
				SWIFT_VERSION = 5.0;
				TARGETED_DEVICE_FAMILY = "1,2";
				TEST_HOST = "$(BUILT_PRODUCTS_DIR)/JokeGenerator.app/$(BUNDLE_EXECUTABLE_FOLDER_PATH)/JokeGenerator";
			};
			name = Debug;
		};
		9A1B15AE2B4FC6F600E89F7B /* Release */ = {
			isa = XCBuildConfiguration;
			buildSettings = {
				ALWAYS_EMBED_SWIFT_STANDARD_LIBRARIES = YES;
				BUNDLE_LOADER = "$(TEST_HOST)";
				CODE_SIGN_STYLE = Automatic;
				CURRENT_PROJECT_VERSION = 1;
				DEVELOPMENT_TEAM = 6F23NVP2MQ;
				GENERATE_INFOPLIST_FILE = YES;
				IPHONEOS_DEPLOYMENT_TARGET = 17.0;
				MARKETING_VERSION = 1.0;
				PRODUCT_BUNDLE_IDENTIFIER = barahaeva.JokeGeneratorTests;
				PRODUCT_NAME = "$(TARGET_NAME)";
				SWIFT_EMIT_LOC_STRINGS = NO;
				SWIFT_VERSION = 5.0;
				TARGETED_DEVICE_FAMILY = "1,2";
				TEST_HOST = "$(BUILT_PRODUCTS_DIR)/JokeGenerator.app/$(BUNDLE_EXECUTABLE_FOLDER_PATH)/JokeGenerator";
			};
			name = Release;
		};
		9A1B15B02B4FC6F600E89F7B /* Debug */ = {
			isa = XCBuildConfiguration;
			buildSettings = {
				ALWAYS_EMBED_SWIFT_STANDARD_LIBRARIES = YES;
				CODE_SIGN_STYLE = Automatic;
				CURRENT_PROJECT_VERSION = 1;
				DEVELOPMENT_TEAM = 6F23NVP2MQ;
				GENERATE_INFOPLIST_FILE = YES;
				MARKETING_VERSION = 1.0;
				PRODUCT_BUNDLE_IDENTIFIER = barahaeva.JokeGeneratorUITests;
				PRODUCT_NAME = "$(TARGET_NAME)";
				SWIFT_EMIT_LOC_STRINGS = NO;
				SWIFT_VERSION = 5.0;
				TARGETED_DEVICE_FAMILY = "1,2";
				TEST_TARGET_NAME = JokeGenerator;
			};
			name = Debug;
		};
		9A1B15B12B4FC6F600E89F7B /* Release */ = {
			isa = XCBuildConfiguration;
			buildSettings = {
				ALWAYS_EMBED_SWIFT_STANDARD_LIBRARIES = YES;
				CODE_SIGN_STYLE = Automatic;
				CURRENT_PROJECT_VERSION = 1;
				DEVELOPMENT_TEAM = 6F23NVP2MQ;
				GENERATE_INFOPLIST_FILE = YES;
				MARKETING_VERSION = 1.0;
				PRODUCT_BUNDLE_IDENTIFIER = barahaeva.JokeGeneratorUITests;
				PRODUCT_NAME = "$(TARGET_NAME)";
				SWIFT_EMIT_LOC_STRINGS = NO;
				SWIFT_VERSION = 5.0;
				TARGETED_DEVICE_FAMILY = "1,2";
				TEST_TARGET_NAME = JokeGenerator;
			};
			name = Release;
		};
/* End XCBuildConfiguration section */

/* Begin XCConfigurationList section */
		9A1B157A2B4FC6F500E89F7B /* Build configuration list for PBXProject "JokeGenerator" */ = {
			isa = XCConfigurationList;
			buildConfigurations = (
				9A1B15A72B4FC6F600E89F7B /* Debug */,
				9A1B15A82B4FC6F600E89F7B /* Release */,
			);
			defaultConfigurationIsVisible = 0;
			defaultConfigurationName = Release;
		};
		9A1B15A92B4FC6F600E89F7B /* Build configuration list for PBXNativeTarget "JokeGenerator" */ = {
			isa = XCConfigurationList;
			buildConfigurations = (
				9A1B15AA2B4FC6F600E89F7B /* Debug */,
				9A1B15AB2B4FC6F600E89F7B /* Release */,
			);
			defaultConfigurationIsVisible = 0;
			defaultConfigurationName = Release;
		};
		9A1B15AC2B4FC6F600E89F7B /* Build configuration list for PBXNativeTarget "JokeGeneratorTests" */ = {
			isa = XCConfigurationList;
			buildConfigurations = (
				9A1B15AD2B4FC6F600E89F7B /* Debug */,
				9A1B15AE2B4FC6F600E89F7B /* Release */,
			);
			defaultConfigurationIsVisible = 0;
			defaultConfigurationName = Release;
		};
		9A1B15AF2B4FC6F600E89F7B /* Build configuration list for PBXNativeTarget "JokeGeneratorUITests" */ = {
			isa = XCConfigurationList;
			buildConfigurations = (
				9A1B15B02B4FC6F600E89F7B /* Debug */,
				9A1B15B12B4FC6F600E89F7B /* Release */,
			);
			defaultConfigurationIsVisible = 0;
			defaultConfigurationName = Release;
		};
/* End XCConfigurationList section */
	};
	rootObject = 9A1B15772B4FC6F500E89F7B /* Project object */;
}
